
Microsoft Visual Studio Solution File, Format Version 12.00
# Visual Studio 2013
VisualStudioVersion = 12.0.31101.0
MinimumVisualStudioVersion = 10.0.40219.1
Project("{2150E333-8FDC-42A3-9474-1A3956D46DE8}") = "Solution Items", "Solution Items", "{4CCB06CC-5BB6-43FD-BD8D-98901CFDF620}"
	ProjectSection(SolutionItems) = preProject
		license.txt = license.txt
		readme.md = readme.md
	EndProjectSection
EndProject
Project("{FAE04EC0-301F-11D3-BF4B-00C04F79EFBC}") = "BootstrapTable", "BootstrapTable\BootstrapTable.csproj", "{0A4B55AE-0D0B-42C8-8CFF-91ECDFBA50BF}"
EndProject
Project("{FAE04EC0-301F-11D3-BF4B-00C04F79EFBC}") = "BootstrapTable.Web", "BootstrapTable.Web\BootstrapTable.Web.csproj", "{D12A8A76-1F0A-4EA2-860B-49C382A2686C}"
EndProject
Global
	GlobalSection(SolutionConfigurationPlatforms) = preSolution
		Debug|Any CPU = Debug|Any CPU
		Release|Any CPU = Release|Any CPU
	EndGlobalSection
	GlobalSection(ProjectConfigurationPlatforms) = postSolution
		{0A4B55AE-0D0B-42C8-8CFF-91ECDFBA50BF}.Debug|Any CPU.ActiveCfg = Debug|Any CPU
		{0A4B55AE-0D0B-42C8-8CFF-91ECDFBA50BF}.Debug|Any CPU.Build.0 = Debug|Any CPU
		{0A4B55AE-0D0B-42C8-8CFF-91ECDFBA50BF}.Release|Any CPU.ActiveCfg = Release|Any CPU
		{0A4B55AE-0D0B-42C8-8CFF-91ECDFBA50BF}.Release|Any CPU.Build.0 = Release|Any CPU
		{D12A8A76-1F0A-4EA2-860B-49C382A2686C}.Debug|Any CPU.ActiveCfg = Debug|Any CPU
		{D12A8A76-1F0A-4EA2-860B-49C382A2686C}.Debug|Any CPU.Build.0 = Debug|Any CPU
		{D12A8A76-1F0A-4EA2-860B-49C382A2686C}.Release|Any CPU.ActiveCfg = Release|Any CPU
		{D12A8A76-1F0A-4EA2-860B-49C382A2686C}.Release|Any CPU.Build.0 = Release|Any CPU
	EndGlobalSection
	GlobalSection(SolutionProperties) = preSolution
		HideSolutionNode = FALSE
	EndGlobalSection
EndGlobal
